
Microsoft Visual Studio Solution File, Format Version 12.00
# Visual Studio Version 17
VisualStudioVersion = 17.5.002.0
MinimumVisualStudioVersion = 10.0.40219.1
Project("{9A19103F-16F7-4668-BE54-9A1E7A4F7556}") = "produccion", "produccion.csproj", "{ADAD6EAD-2C15-49E2-8D74-549F2B19D69B}"
EndProject
Global
	GlobalSection(SolutionConfigurationPlatforms) = preSolution
		Debug|Any CPU = Debug|Any CPU
		Release|Any CPU = Release|Any CPU
	EndGlobalSection
	GlobalSection(ProjectConfigurationPlatforms) = postSolution
		{ADAD6EAD-2C15-49E2-8D74-549F2B19D69B}.Debug|Any CPU.ActiveCfg = Debug|Any CPU
		{ADAD6EAD-2C15-49E2-8D74-549F2B19D69B}.Debug|Any CPU.Build.0 = Debug|Any CPU
		{ADAD6EAD-2C15-49E2-8D74-549F2B19D69B}.Release|Any CPU.ActiveCfg = Release|Any CPU
		{ADAD6EAD-2C15-49E2-8D74-549F2B19D69B}.Release|Any CPU.Build.0 = Release|Any CPU
	EndGlobalSection
	GlobalSection(SolutionProperties) = preSolution
		HideSolutionNode = FALSE
	EndGlobalSection
	GlobalSection(ExtensibilityGlobals) = postSolution
		SolutionGuid = {CA48B010-45A2-4C45-8D93-B7496FF1BD8D}
	EndGlobalSection
EndGlobal
